// !$*UTF8*$!
{
	archiveVersion = 1;
	classes = {
	};
	objectVersion = 56;
	objects = {

/* Begin PBXBuildFile section */
		A04C184F2993BFF600496EA0 /* FirebaseLearningApp.swift in Sources */ = {isa = PBXBuildFile; fileRef = A04C184E2993BFF600496EA0 /* FirebaseLearningApp.swift */; };
		A04C18512993BFF600496EA0 /* ContentView.swift in Sources */ = {isa = PBXBuildFile; fileRef = A04C18502993BFF600496EA0 /* ContentView.swift */; };
		A04C18532993BFF800496EA0 /* Assets.xcassets in Resources */ = {isa = PBXBuildFile; fileRef = A04C18522993BFF800496EA0 /* Assets.xcassets */; };
		A04C18562993BFF800496EA0 /* Preview Assets.xcassets in Resources */ = {isa = PBXBuildFile; fileRef = A04C18552993BFF800496EA0 /* Preview Assets.xcassets */; };
		A04C185D2993DFC600496EA0 /* GoogleService-Info.plist in Resources */ = {isa = PBXBuildFile; fileRef = A04C185C2993DFC600496EA0 /* GoogleService-Info.plist */; };
		A04C18602993E4AD00496EA0 /* FirebaseFirestore in Frameworks */ = {isa = PBXBuildFile; productRef = A04C185F2993E4AD00496EA0 /* FirebaseFirestore */; };
		A054DC532993ED0F00F61F9A /* ViewModel.swift in Sources */ = {isa = PBXBuildFile; fileRef = A054DC522993ED0F00F61F9A /* ViewModel.swift */; };
		A054DC552993ED4600F61F9A /* Book.swift in Sources */ = {isa = PBXBuildFile; fileRef = A054DC542993ED4600F61F9A /* Book.swift */; };
		A0B7C4222996311F00881213 /* NewBookView.swift in Sources */ = {isa = PBXBuildFile; fileRef = A0B7C4212996311F00881213 /* NewBookView.swift */; };
		A0B7C42429965A0B00881213 /* BookView.swift in Sources */ = {isa = PBXBuildFile; fileRef = A0B7C42329965A0B00881213 /* BookView.swift */; };
/* End PBXBuildFile section */

/* Begin PBXFileReference section */
		A04C184B2993BFF600496EA0 /* FirebaseLearning.app */ = {isa = PBXFileReference; explicitFileType = wrapper.application; includeInIndex = 0; path = FirebaseLearning.app; sourceTree = BUILT_PRODUCTS_DIR; };
		A04C184E2993BFF600496EA0 /* FirebaseLearningApp.swift */ = {isa = PBXFileReference; lastKnownFileType = sourcecode.swift; path = FirebaseLearningApp.swift; sourceTree = "<group>"; };
		A04C18502993BFF600496EA0 /* ContentView.swift */ = {isa = PBXFileReference; lastKnownFileType = sourcecode.swift; path = ContentView.swift; sourceTree = "<group>"; };
		A04C18522993BFF800496EA0 /* Assets.xcassets */ = {isa = PBXFileReference; lastKnownFileType = folder.assetcatalog; path = Assets.xcassets; sourceTree = "<group>"; };
		A04C18552993BFF800496EA0 /* Preview Assets.xcassets */ = {isa = PBXFileReference; lastKnownFileType = folder.assetcatalog; path = "Preview Assets.xcassets"; sourceTree = "<group>"; };
		A04C185C2993DFC600496EA0 /* GoogleService-Info.plist */ = {isa = PBXFileReference; fileEncoding = 4; lastKnownFileType = text.plist.xml; path = "GoogleService-Info.plist"; sourceTree = "<group>"; };
		A054DC522993ED0F00F61F9A /* ViewModel.swift */ = {isa = PBXFileReference; lastKnownFileType = sourcecode.swift; path = ViewModel.swift; sourceTree = "<group>"; };
		A054DC542993ED4600F61F9A /* Book.swift */ = {isa = PBXFileReference; lastKnownFileType = sourcecode.swift; path = Book.swift; sourceTree = "<group>"; };
		A0B7C4212996311F00881213 /* NewBookView.swift */ = {isa = PBXFileReference; lastKnownFileType = sourcecode.swift; path = NewBookView.swift; sourceTree = "<group>"; };
		A0B7C42329965A0B00881213 /* BookView.swift */ = {isa = PBXFileReference; lastKnownFileType = sourcecode.swift; path = BookView.swift; sourceTree = "<group>"; };
/* End PBXFileReference section */

/* Begin PBXFrameworksBuildPhase section */
		A04C18482993BFF600496EA0 /* Frameworks */ = {
			isa = PBXFrameworksBuildPhase;
			buildActionMask = 2147483647;
			files = (
				A04C18602993E4AD00496EA0 /* FirebaseFirestore in Frameworks */,
			);
			runOnlyForDeploymentPostprocessing = 0;
		};
/* End PBXFrameworksBuildPhase section */

/* Begin PBXGroup section */
		A04C18422993BFF600496EA0 = {
			isa = PBXGroup;
			children = (
				A04C184D2993BFF600496EA0 /* FirebaseLearning */,
				A04C184C2993BFF600496EA0 /* Products */,
			);
			sourceTree = "<group>";
		};
		A04C184C2993BFF600496EA0 /* Products */ = {
			isa = PBXGroup;
			children = (
				A04C184B2993BFF600496EA0 /* FirebaseLearning.app */,
			);
			name = Products;
			sourceTree = "<group>";
		};
		A04C184D2993BFF600496EA0 /* FirebaseLearning */ = {
			isa = PBXGroup;
			children = (
				A04C184E2993BFF600496EA0 /* FirebaseLearningApp.swift */,
				A04C18502993BFF600496EA0 /* ContentView.swift */,
				A0B7C4212996311F00881213 /* NewBookView.swift */,
				A0B7C42329965A0B00881213 /* BookView.swift */,
				A04C18522993BFF800496EA0 /* Assets.xcassets */,
				A04C185C2993DFC600496EA0 /* GoogleService-Info.plist */,
				A04C18542993BFF800496EA0 /* Preview Content */,
				A054DC522993ED0F00F61F9A /* ViewModel.swift */,
				A054DC542993ED4600F61F9A /* Book.swift */,
			);
			path = FirebaseLearning;
			sourceTree = "<group>";
		};
		A04C18542993BFF800496EA0 /* Preview Content */ = {
			isa = PBXGroup;
			children = (
				A04C18552993BFF800496EA0 /* Preview Assets.xcassets */,
			);
			path = "Preview Content";
			sourceTree = "<group>";
		};
/* End PBXGroup section */

/* Begin PBXNativeTarget section */
		A04C184A2993BFF600496EA0 /* FirebaseLearning */ = {
			isa = PBXNativeTarget;
			buildConfigurationList = A04C18592993BFF800496EA0 /* Build configuration list for PBXNativeTarget "FirebaseLearning" */;
			buildPhases = (
				A04C18472993BFF600496EA0 /* Sources */,
				A04C18482993BFF600496EA0 /* Frameworks */,
				A04C18492993BFF600496EA0 /* Resources */,
			);
			buildRules = (
			);
			dependencies = (
			);
			name = FirebaseLearning;
			packageProductDependencies = (
				A04C185F2993E4AD00496EA0 /* FirebaseFirestore */,
			);
			productName = FirebaseLearning;
			productReference = A04C184B2993BFF600496EA0 /* FirebaseLearning.app */;
			productType = "com.apple.product-type.application";
		};
/* End PBXNativeTarget section */

/* Begin PBXProject section */
		A04C18432993BFF600496EA0 /* Project object */ = {
			isa = PBXProject;
			attributes = {
				BuildIndependentTargetsInParallel = 1;
				LastSwiftUpdateCheck = 1420;
				LastUpgradeCheck = 1420;
				TargetAttributes = {
					A04C184A2993BFF600496EA0 = {
						CreatedOnToolsVersion = 14.2;
					};
				};
			};
			buildConfigurationList = A04C18462993BFF600496EA0 /* Build configuration list for PBXProject "FirebaseLearning" */;
			compatibilityVersion = "Xcode 14.0";
			developmentRegion = en;
			hasScannedForEncodings = 0;
			knownRegions = (
				en,
				Base,
			);
			mainGroup = A04C18422993BFF600496EA0;
			packageReferences = (
				A04C185E2993E4AD00496EA0 /* XCRemoteSwiftPackageReference "firebase-ios-sdk" */,
			);
			productRefGroup = A04C184C2993BFF600496EA0 /* Products */;
			projectDirPath = "";
			projectRoot = "";
			targets = (
				A04C184A2993BFF600496EA0 /* FirebaseLearning */,
			);
		};
/* End PBXProject section */

/* Begin PBXResourcesBuildPhase section */
		A04C18492993BFF600496EA0 /* Resources */ = {
			isa = PBXResourcesBuildPhase;
			buildActionMask = 2147483647;
			files = (
				A04C18562993BFF800496EA0 /* Preview Assets.xcassets in Resources */,
				A04C185D2993DFC600496EA0 /* GoogleService-Info.plist in Resources */,
				A04C18532993BFF800496EA0 /* Assets.xcassets in Resources */,
			);
			runOnlyForDeploymentPostprocessing = 0;
		};
/* End PBXResourcesBuildPhase section */

/* Begin PBXSourcesBuildPhase section */
		A04C18472993BFF600496EA0 /* Sources */ = {
			isa = PBXSourcesBuildPhase;
			buildActionMask = 2147483647;
			files = (
				A04C18512993BFF600496EA0 /* ContentView.swift in Sources */,
				A054DC552993ED4600F61F9A /* Book.swift in Sources */,
				A054DC532993ED0F00F61F9A /* ViewModel.swift in Sources */,
				A0B7C42429965A0B00881213 /* BookView.swift in Sources */,
				A0B7C4222996311F00881213 /* NewBookView.swift in Sources */,
				A04C184F2993BFF600496EA0 /* FirebaseLearningApp.swift in Sources */,
			);
			runOnlyForDeploymentPostprocessing = 0;
		};
/* End PBXSourcesBuildPhase section */

/* Begin XCBuildConfiguration section */
		A04C18572993BFF800496EA0 /* Debug */ = {
			isa = XCBuildConfiguration;
			buildSettings = {
				ALWAYS_SEARCH_USER_PATHS = NO;
				CLANG_ANALYZER_NONNULL = YES;
				CLANG_ANALYZER_NUMBER_OBJECT_CONVERSION = YES_AGGRESSIVE;
				CLANG_CXX_LANGUAGE_STANDARD = "gnu++20";
				CLANG_ENABLE_MODULES = YES;
				CLANG_ENABLE_OBJC_ARC = YES;
				CLANG_ENABLE_OBJC_WEAK = YES;
				CLANG_WARN_BLOCK_CAPTURE_AUTORELEASING = YES;
				CLANG_WARN_BOOL_CONVERSION = YES;
				CLANG_WARN_COMMA = YES;
				CLANG_WARN_CONSTANT_CONVERSION = YES;
				CLANG_WARN_DEPRECATED_OBJC_IMPLEMENTATIONS = YES;
				CLANG_WARN_DIRECT_OBJC_ISA_USAGE = YES_ERROR;
				CLANG_WARN_DOCUMENTATION_COMMENTS = YES;
				CLANG_WARN_EMPTY_BODY = YES;
				CLANG_WARN_ENUM_CONVERSION = YES;
				CLANG_WARN_INFINITE_RECURSION = YES;
				CLANG_WARN_INT_CONVERSION = YES;
				CLANG_WARN_NON_LITERAL_NULL_CONVERSION = YES;
				CLANG_WARN_OBJC_IMPLICIT_RETAIN_SELF = YES;
				CLANG_WARN_OBJC_LITERAL_CONVERSION = YES;
				CLANG_WARN_OBJC_ROOT_CLASS = YES_ERROR;
				CLANG_WARN_QUOTED_INCLUDE_IN_FRAMEWORK_HEADER = YES;
				CLANG_WARN_RANGE_LOOP_ANALYSIS = YES;
				CLANG_WARN_STRICT_PROTOTYPES = YES;
				CLANG_WARN_SUSPICIOUS_MOVE = YES;
				CLANG_WARN_UNGUARDED_AVAILABILITY = YES_AGGRESSIVE;
				CLANG_WARN_UNREACHABLE_CODE = YES;
				CLANG_WARN__DUPLICATE_METHOD_MATCH = YES;
				COPY_PHASE_STRIP = NO;
				DEBUG_INFORMATION_FORMAT = dwarf;
				ENABLE_STRICT_OBJC_MSGSEND = YES;
				ENABLE_TESTABILITY = YES;
				GCC_C_LANGUAGE_STANDARD = gnu11;
				GCC_DYNAMIC_NO_PIC = NO;
				GCC_NO_COMMON_BLOCKS = YES;
				GCC_OPTIMIZATION_LEVEL = 0;
				GCC_PREPROCESSOR_DEFINITIONS = (
					"DEBUG=1",
					"$(inherited)",
				);
				GCC_WARN_64_TO_32_BIT_CONVERSION = YES;
				GCC_WARN_ABOUT_RETURN_TYPE = YES_ERROR;
				GCC_WARN_UNDECLARED_SELECTOR = YES;
				GCC_WARN_UNINITIALIZED_AUTOS = YES_AGGRESSIVE;
				GCC_WARN_UNUSED_FUNCTION = YES;
				GCC_WARN_UNUSED_VARIABLE = YES;
				IPHONEOS_DEPLOYMENT_TARGET = 16.2;
				MTL_ENABLE_DEBUG_INFO = INCLUDE_SOURCE;
				MTL_FAST_MATH = YES;
				ONLY_ACTIVE_ARCH = YES;
				SDKROOT = iphoneos;
				SWIFT_ACTIVE_COMPILATION_CONDITIONS = DEBUG;
				SWIFT_OPTIMIZATION_LEVEL = "-Onone";
			};
			name = Debug;
		};
		A04C18582993BFF800496EA0 /* Release */ = {
			isa = XCBuildConfiguration;
			buildSettings = {
				ALWAYS_SEARCH_USER_PATHS = NO;
				CLANG_ANALYZER_NONNULL = YES;
				CLANG_ANALYZER_NUMBER_OBJECT_CONVERSION = YES_AGGRESSIVE;
				CLANG_CXX_LANGUAGE_STANDARD = "gnu++20";
				CLANG_ENABLE_MODULES = YES;
				CLANG_ENABLE_OBJC_ARC = YES;
				CLANG_ENABLE_OBJC_WEAK = YES;
				CLANG_WARN_BLOCK_CAPTURE_AUTORELEASING = YES;
				CLANG_WARN_BOOL_CONVERSION = YES;
				CLANG_WARN_COMMA = YES;
				CLANG_WARN_CONSTANT_CONVERSION = YES;
				CLANG_WARN_DEPRECATED_OBJC_IMPLEMENTATIONS = YES;
				CLANG_WARN_DIRECT_OBJC_ISA_USAGE = YES_ERROR;
				CLANG_WARN_DOCUMENTATION_COMMENTS = YES;
				CLANG_WARN_EMPTY_BODY = YES;
				CLANG_WARN_ENUM_CONVERSION = YES;
				CLANG_WARN_INFINITE_RECURSION = YES;
				CLANG_WARN_INT_CONVERSION = YES;
				CLANG_WARN_NON_LITERAL_NULL_CONVERSION = YES;
				CLANG_WARN_OBJC_IMPLICIT_RETAIN_SELF = YES;
				CLANG_WARN_OBJC_LITERAL_CONVERSION = YES;
				CLANG_WARN_OBJC_ROOT_CLASS = YES_ERROR;
				CLANG_WARN_QUOTED_INCLUDE_IN_FRAMEWORK_HEADER = YES;
				CLANG_WARN_RANGE_LOOP_ANALYSIS = YES;
				CLANG_WARN_STRICT_PROTOTYPES = YES;
				CLANG_WARN_SUSPICIOUS_MOVE = YES;
				CLANG_WARN_UNGUARDED_AVAILABILITY = YES_AGGRESSIVE;
				CLANG_WARN_UNREACHABLE_CODE = YES;
				CLANG_WARN__DUPLICATE_METHOD_MATCH = YES;
				COPY_PHASE_STRIP = NO;
				DEBUG_INFORMATION_FORMAT = "dwarf-with-dsym";
				ENABLE_NS_ASSERTIONS = NO;
				ENABLE_STRICT_OBJC_MSGSEND = YES;
				GCC_C_LANGUAGE_STANDARD = gnu11;
				GCC_NO_COMMON_BLOCKS = YES;
				GCC_WARN_64_TO_32_BIT_CONVERSION = YES;
				GCC_WARN_ABOUT_RETURN_TYPE = YES_ERROR;
				GCC_WARN_UNDECLARED_SELECTOR = YES;
				GCC_WARN_UNINITIALIZED_AUTOS = YES_AGGRESSIVE;
				GCC_WARN_UNUSED_FUNCTION = YES;
				GCC_WARN_UNUSED_VARIABLE = YES;
				IPHONEOS_DEPLOYMENT_TARGET = 16.2;
				MTL_ENABLE_DEBUG_INFO = NO;
				MTL_FAST_MATH = YES;
				SDKROOT = iphoneos;
				SWIFT_COMPILATION_MODE = wholemodule;
				SWIFT_OPTIMIZATION_LEVEL = "-O";
				VALIDATE_PRODUCT = YES;
			};
			name = Release;
		};
		A04C185A2993BFF800496EA0 /* Debug */ = {
			isa = XCBuildConfiguration;
			buildSettings = {
				ASSETCATALOG_COMPILER_APPICON_NAME = AppIcon;
				ASSETCATALOG_COMPILER_GLOBAL_ACCENT_COLOR_NAME = AccentColor;
				CODE_SIGN_STYLE = Automatic;
				CURRENT_PROJECT_VERSION = 1;
				DEVELOPMENT_ASSET_PATHS = "\"FirebaseLearning/Preview Content\"";
				DEVELOPMENT_TEAM = QYGMJ959XP;
				ENABLE_PREVIEWS = YES;
				GENERATE_INFOPLIST_FILE = YES;
				INFOPLIST_KEY_UIApplicationSceneManifest_Generation = YES;
				INFOPLIST_KEY_UIApplicationSupportsIndirectInputEvents = YES;
				INFOPLIST_KEY_UILaunchScreen_Generation = YES;
				INFOPLIST_KEY_UISupportedInterfaceOrientations_iPad = "UIInterfaceOrientationPortrait UIInterfaceOrientationPortraitUpsideDown UIInterfaceOrientationLandscapeLeft UIInterfaceOrientationLandscapeRight";
				INFOPLIST_KEY_UISupportedInterfaceOrientations_iPhone = "UIInterfaceOrientationPortrait UIInterfaceOrientationLandscapeLeft UIInterfaceOrientationLandscapeRight";
				LD_RUNPATH_SEARCH_PATHS = (
					"$(inherited)",
					"@executable_path/Frameworks",
				);
				MARKETING_VERSION = 1.0;
				PRODUCT_BUNDLE_IDENTIFIER = sihtmark.FirebaseLearning;
				PRODUCT_NAME = "$(TARGET_NAME)";
				SWIFT_EMIT_LOC_STRINGS = YES;
				SWIFT_VERSION = 5.0;
				TARGETED_DEVICE_FAMILY = "1,2";
			};
			name = Debug;
		};
		A04C185B2993BFF800496EA0 /* Release */ = {
			isa = XCBuildConfiguration;
			buildSettings = {
				ASSETCATALOG_COMPILER_APPICON_NAME = AppIcon;
				ASSETCATALOG_COMPILER_GLOBAL_ACCENT_COLOR_NAME = AccentColor;
				CODE_SIGN_STYLE = Automatic;
				CURRENT_PROJECT_VERSION = 1;
				DEVELOPMENT_ASSET_PATHS = "\"FirebaseLearning/Preview Content\"";
				DEVELOPMENT_TEAM = QYGMJ959XP;
				ENABLE_PREVIEWS = YES;
				GENERATE_INFOPLIST_FILE = YES;
				INFOPLIST_KEY_UIApplicationSceneManifest_Generation = YES;
				INFOPLIST_KEY_UIApplicationSupportsIndirectInputEvents = YES;
				INFOPLIST_KEY_UILaunchScreen_Generation = YES;
				INFOPLIST_KEY_UISupportedInterfaceOrientations_iPad = "UIInterfaceOrientationPortrait UIInterfaceOrientationPortraitUpsideDown UIInterfaceOrientationLandscapeLeft UIInterfaceOrientationLandscapeRight";
				INFOPLIST_KEY_UISupportedInterfaceOrientations_iPhone = "UIInterfaceOrientationPortrait UIInterfaceOrientationLandscapeLeft UIInterfaceOrientationLandscapeRight";
				LD_RUNPATH_SEARCH_PATHS = (
					"$(inherited)",
					"@executable_path/Frameworks",
				);
				MARKETING_VERSION = 1.0;
				PRODUCT_BUNDLE_IDENTIFIER = sihtmark.FirebaseLearning;
				PRODUCT_NAME = "$(TARGET_NAME)";
				SWIFT_EMIT_LOC_STRINGS = YES;
				SWIFT_VERSION = 5.0;
				TARGETED_DEVICE_FAMILY = "1,2";
			};
			name = Release;
		};
/* End XCBuildConfiguration section */

/* Begin XCConfigurationList section */
		A04C18462993BFF600496EA0 /* Build configuration list for PBXProject "FirebaseLearning" */ = {
			isa = XCConfigurationList;
			buildConfigurations = (
				A04C18572993BFF800496EA0 /* Debug */,
				A04C18582993BFF800496EA0 /* Release */,
			);
			defaultConfigurationIsVisible = 0;
			defaultConfigurationName = Release;
		};
		A04C18592993BFF800496EA0 /* Build configuration list for PBXNativeTarget "FirebaseLearning" */ = {
			isa = XCConfigurationList;
			buildConfigurations = (
				A04C185A2993BFF800496EA0 /* Debug */,
				A04C185B2993BFF800496EA0 /* Release */,
			);
			defaultConfigurationIsVisible = 0;
			defaultConfigurationName = Release;
		};
/* End XCConfigurationList section */

/* Begin XCRemoteSwiftPackageReference section */
		A04C185E2993E4AD00496EA0 /* XCRemoteSwiftPackageReference "firebase-ios-sdk" */ = {
			isa = XCRemoteSwiftPackageReference;
			repositoryURL = "https://github.com/firebase/firebase-ios-sdk";
			requirement = {
				branch = master;
				kind = branch;
			};
		};
/* End XCRemoteSwiftPackageReference section */

/* Begin XCSwiftPackageProductDependency section */
		A04C185F2993E4AD00496EA0 /* FirebaseFirestore */ = {
			isa = XCSwiftPackageProductDependency;
			package = A04C185E2993E4AD00496EA0 /* XCRemoteSwiftPackageReference "firebase-ios-sdk" */;
			productName = FirebaseFirestore;
		};
/* End XCSwiftPackageProductDependency section */
	};
	rootObject = A04C18432993BFF600496EA0 /* Project object */;
}
